
Microsoft Visual Studio Solution File, Format Version 12.00
# Visual Studio Version 17
VisualStudioVersion = 17.5.33424.131
MinimumVisualStudioVersion = 10.0.40219.1
Project("{9A19103F-16F7-4668-BE54-9A1E7A4F7556}") = "SP_SQLClientCRUD", "SP_SQLClientCRUD.csproj", "{5C76CD96-BD7A-4FAF-89C6-34DA1F021B5D}"
EndProject
Global
	GlobalSection(SolutionConfigurationPlatforms) = preSolution
		Debug|Any CPU = Debug|Any CPU
		Release|Any CPU = Release|Any CPU
	EndGlobalSection
	GlobalSection(ProjectConfigurationPlatforms) = postSolution
		{5C76CD96-BD7A-4FAF-89C6-34DA1F021B5D}.Debug|Any CPU.ActiveCfg = Debug|Any CPU
		{5C76CD96-BD7A-4FAF-89C6-34DA1F021B5D}.Debug|Any CPU.Build.0 = Debug|Any CPU
		{5C76CD96-BD7A-4FAF-89C6-34DA1F021B5D}.Release|Any CPU.ActiveCfg = Release|Any CPU
		{5C76CD96-BD7A-4FAF-89C6-34DA1F021B5D}.Release|Any CPU.Build.0 = Release|Any CPU
	EndGlobalSection
	GlobalSection(SolutionProperties) = preSolution
		HideSolutionNode = FALSE
	EndGlobalSection
	GlobalSection(ExtensibilityGlobals) = postSolution
		SolutionGuid = {B58DC405-0EA7-4A52-8FCE-A7E57685AE13}
	EndGlobalSection
EndGlobal
